
Microsoft Visual Studio Solution File, Format Version 12.00
# Visual Studio Version 17
VisualStudioVersion = 17.3.32922.545
MinimumVisualStudioVersion = 10.0.40219.1
Project("{FAE04EC0-301F-11D3-BF4B-00C04F79EFBC}") = "StackAndQueues_244", "StackAndQueues_244.csproj", "{F7839269-4251-4BBE-9F23-7775F82B4EE9}"
EndProject
Global
	GlobalSection(SolutionConfigurationPlatforms) = preSolution
		Debug|Any CPU = Debug|Any CPU
		Release|Any CPU = Release|Any CPU
	EndGlobalSection
	GlobalSection(ProjectConfigurationPlatforms) = postSolution
		{F7839269-4251-4BBE-9F23-7775F82B4EE9}.Debug|Any CPU.ActiveCfg = Debug|Any CPU
		{F7839269-4251-4BBE-9F23-7775F82B4EE9}.Debug|Any CPU.Build.0 = Debug|Any CPU
		{F7839269-4251-4BBE-9F23-7775F82B4EE9}.Release|Any CPU.ActiveCfg = Release|Any CPU
		{F7839269-4251-4BBE-9F23-7775F82B4EE9}.Release|Any CPU.Build.0 = Release|Any CPU
	EndGlobalSection
	GlobalSection(SolutionProperties) = preSolution
		HideSolutionNode = FALSE
	EndGlobalSection
	GlobalSection(ExtensibilityGlobals) = postSolution
		SolutionGuid = {24A61633-8762-4BC4-9D39-52365E8A9ACD}
	EndGlobalSection
EndGlobal
